
Microsoft Visual Studio Solution File, Format Version 12.00
# Visual Studio Version 16
VisualStudioVersion = 16.0.30225.117
MinimumVisualStudioVersion = 10.0.40219.1
Project("{9A19103F-16F7-4668-BE54-9A1E7A4F7556}") = "DoctorAppointmentSystem.Web", "DoctorAppointmentSystem.Web\DoctorAppointmentSystem.Web.csproj", "{9AE77F42-4254-4707-A4C1-C2F88F66A886}"
EndProject
Project("{9A19103F-16F7-4668-BE54-9A1E7A4F7556}") = "DoctorAppointmentSystem.Data", "DoctorAppointmentSystem.Data\DoctorAppointmentSystem.Data.csproj", "{5F4EEEE7-3C54-4DC0-BD94-A42F93A1E3AF}"
EndProject
Project("{9A19103F-16F7-4668-BE54-9A1E7A4F7556}") = "DoctorAppointmentSystem.Core", "DoctorAppointmentSystem.Core\DoctorAppointmentSystem.Core.csproj", "{59B4C2CF-9A13-4B4A-B9CD-FF11D3A343A3}"
EndProject
Project("{9A19103F-16F7-4668-BE54-9A1E7A4F7556}") = "DoctorAppointmentSystem.Tests", "DoctorAppointmentSystem.Tests\DoctorAppointmentSystem.Tests.csproj", "{DDAD17BC-C991-48F3-B502-166570967E03}"
EndProject
Project("{9A19103F-16F7-4668-BE54-9A1E7A4F7556}") = "DoctorAppointmentSystem.AWSLambdaInsertSqs", "DoctorAppointmentSystem.AWSLambdaInsertSqs\DoctorAppointmentSystem.AWSLambdaInsertSqs.csproj", "{68483EC9-8695-4934-8A98-1382D433EB4C}"
EndProject
Global
	GlobalSection(SolutionConfigurationPlatforms) = preSolution
		Debug|Any CPU = Debug|Any CPU
		Release|Any CPU = Release|Any CPU
	EndGlobalSection
	GlobalSection(ProjectConfigurationPlatforms) = postSolution
		{9AE77F42-4254-4707-A4C1-C2F88F66A886}.Debug|Any CPU.ActiveCfg = Debug|Any CPU
		{9AE77F42-4254-4707-A4C1-C2F88F66A886}.Debug|Any CPU.Build.0 = Debug|Any CPU
		{9AE77F42-4254-4707-A4C1-C2F88F66A886}.Release|Any CPU.ActiveCfg = Release|Any CPU
		{9AE77F42-4254-4707-A4C1-C2F88F66A886}.Release|Any CPU.Build.0 = Release|Any CPU
		{5F4EEEE7-3C54-4DC0-BD94-A42F93A1E3AF}.Debug|Any CPU.ActiveCfg = Debug|Any CPU
		{5F4EEEE7-3C54-4DC0-BD94-A42F93A1E3AF}.Debug|Any CPU.Build.0 = Debug|Any CPU
		{5F4EEEE7-3C54-4DC0-BD94-A42F93A1E3AF}.Release|Any CPU.ActiveCfg = Release|Any CPU
		{5F4EEEE7-3C54-4DC0-BD94-A42F93A1E3AF}.Release|Any CPU.Build.0 = Release|Any CPU
		{59B4C2CF-9A13-4B4A-B9CD-FF11D3A343A3}.Debug|Any CPU.ActiveCfg = Debug|Any CPU
		{59B4C2CF-9A13-4B4A-B9CD-FF11D3A343A3}.Debug|Any CPU.Build.0 = Debug|Any CPU
		{59B4C2CF-9A13-4B4A-B9CD-FF11D3A343A3}.Release|Any CPU.ActiveCfg = Release|Any CPU
		{59B4C2CF-9A13-4B4A-B9CD-FF11D3A343A3}.Release|Any CPU.Build.0 = Release|Any CPU
		{DDAD17BC-C991-48F3-B502-166570967E03}.Debug|Any CPU.ActiveCfg = Debug|Any CPU
		{DDAD17BC-C991-48F3-B502-166570967E03}.Debug|Any CPU.Build.0 = Debug|Any CPU
		{DDAD17BC-C991-48F3-B502-166570967E03}.Release|Any CPU.ActiveCfg = Release|Any CPU
		{DDAD17BC-C991-48F3-B502-166570967E03}.Release|Any CPU.Build.0 = Release|Any CPU
		{68483EC9-8695-4934-8A98-1382D433EB4C}.Debug|Any CPU.ActiveCfg = Debug|Any CPU
		{68483EC9-8695-4934-8A98-1382D433EB4C}.Debug|Any CPU.Build.0 = Debug|Any CPU
		{68483EC9-8695-4934-8A98-1382D433EB4C}.Release|Any CPU.ActiveCfg = Release|Any CPU
		{68483EC9-8695-4934-8A98-1382D433EB4C}.Release|Any CPU.Build.0 = Release|Any CPU
	EndGlobalSection
	GlobalSection(SolutionProperties) = preSolution
		HideSolutionNode = FALSE
	EndGlobalSection
	GlobalSection(ExtensibilityGlobals) = postSolution
		SolutionGuid = {4B34BF9B-40D1-481C-ACD4-B399B35B51D2}
	EndGlobalSection
EndGlobal
